
Microsoft Visual Studio Solution File, Format Version 12.00
# Visual Studio Version 17
VisualStudioVersion = 17.2.32616.157
MinimumVisualStudioVersion = 10.0.40219.1
Project("{FAE04EC0-301F-11D3-BF4B-00C04F79EFBC}") = "PokemonAPI", "PokemonAPI\PokemonAPI.csproj", "{6A22AC5F-80F0-412A-BAF1-B7A0DEF18E4F}"
EndProject
Global
	GlobalSection(SolutionConfigurationPlatforms) = preSolution
		Debug|Any CPU = Debug|Any CPU
		Release|Any CPU = Release|Any CPU
	EndGlobalSection
	GlobalSection(ProjectConfigurationPlatforms) = postSolution
		{6A22AC5F-80F0-412A-BAF1-B7A0DEF18E4F}.Debug|Any CPU.ActiveCfg = Debug|Any CPU
		{6A22AC5F-80F0-412A-BAF1-B7A0DEF18E4F}.Debug|Any CPU.Build.0 = Debug|Any CPU
		{6A22AC5F-80F0-412A-BAF1-B7A0DEF18E4F}.Release|Any CPU.ActiveCfg = Release|Any CPU
		{6A22AC5F-80F0-412A-BAF1-B7A0DEF18E4F}.Release|Any CPU.Build.0 = Release|Any CPU
	EndGlobalSection
	GlobalSection(SolutionProperties) = preSolution
		HideSolutionNode = FALSE
	EndGlobalSection
	GlobalSection(ExtensibilityGlobals) = postSolution
		SolutionGuid = {222166E6-9E11-4B29-9E29-741661330D57}
	EndGlobalSection
EndGlobal
